{
    "name": "shell",
    "lockfileVersion": 3,
    "requires": true,
    "packages": {
        "": {
            "dependencies": {
                "ags": "~/.config/ags/node_modules/ags",
                "gnim": "~/.config/ags/node_modules/gnim",
                "yaml": "^2.8.1"
            }
        },
        "../../../../usr/share/ags/js": {
            "name": "ags",
            "version": "3.0.0",
            "extraneous": true,
            "license": "LGPL-2.1",
            "os": [
                "linux"
            ],
            "devDependencies": {
                "@eslint/js": "latest",
                "eslint": "latest",
                "typescript": "latest",
                "typescript-eslint": "latest"
            },
            "engines": {
                "gjs": ">=1.79.0"
            },
            "funding": {
                "type": "kofi",
                "url": "https://ko-fi.com/aylur"
            },
            "peerDependencies": {
                "gnim": "^1.6.3"
            }
        },
        "../../../.config/ags/node_modules/ags": {
            "version": "3.0.0",
            "license": "LGPL-2.1",
            "os": [
                "linux"
            ],
            "devDependencies": {
                "@eslint/js": "latest",
                "eslint": "latest",
                "typescript": "latest",
                "typescript-eslint": "latest"
            },
            "engines": {
                "gjs": ">=1.79.0"
            },
            "funding": {
                "type": "kofi",
                "url": "https://ko-fi.com/aylur"
            },
            "peerDependencies": {
                "gnim": "^1.8.2"
            }
        },
        "../../../.config/ags/node_modules/gnim": {
            "version": "1.8.2",
            "license": "MIT",
            "devDependencies": {
                "@eslint/js": "latest",
                "@girs/adw-1": "latest",
                "@girs/clutter-16": "latest",
                "@girs/gjs": "latest",
                "@girs/gnome-shell": "latest",
                "@girs/gtk-3.0": "latest",
                "@girs/gtk-4.0": "latest",
                "@girs/shell-16": "latest",
                "@girs/soup-3.0": "latest",
                "@girs/st-16": "latest",
                "esbuild": "latest",
                "eslint": "latest",
                "typescript": "latest",
                "typescript-eslint": "latest",
                "vitepress": "latest"
            },
            "engines": {
                "gjs": ">=1.79.0"
            },
            "funding": {
                "type": "kofi",
                "url": "https://ko-fi.com/aylur"
            }
        },
        "node_modules/ags": {
            "resolved": "../../../.config/ags/node_modules/ags",
            "link": true
        },
        "node_modules/gnim": {
            "resolved": "../../../.config/ags/node_modules/gnim",
            "link": true
        },
        "node_modules/yaml": {
            "version": "2.8.1",
            "resolved": "https://registry.npmjs.org/yaml/-/yaml-2.8.1.tgz",
            "integrity": "sha512-lcYcMxX2PO9XMGvAJkJ3OsNMw+/7FKes7/hgerGUYWIoWu5j/+YQqcZr5JnPZWzOsEBgMbSbiSTn/dv/69Mkpw==",
            "license": "ISC",
            "bin": {
                "yaml": "bin.mjs"
            },
            "engines": {
                "node": ">= 14.6"
            }
        }
    }
}
